
Microsoft Visual Studio Solution File, Format Version 12.00
# Visual Studio Version 16
VisualStudioVersion = 16.0.29905.134
MinimumVisualStudioVersion = 10.0.40219.1
Project("{8BC9CEB8-8B4A-11D0-8D11-00A0C91BC942}") = "Sandbox", "Sandbox\Sandbox.vcxproj", "{7FE2A1CC-2D38-4E5D-99FB-65660E770E76}"
EndProject
Project("{8BC9CEB8-8B4A-11D0-8D11-00A0C91BC942}") = "Hazel", "Hazel\Hazel.vcxproj", "{0F146B92-89FC-4C9C-8C2C-514A4E39969F}"
EndProject
Global
	GlobalSection(SolutionConfigurationPlatforms) = preSolution
		Debug|x64 = Debug|x64
		Release|x64 = Release|x64
	EndGlobalSection
	GlobalSection(ProjectConfigurationPlatforms) = postSolution
		{7FE2A1CC-2D38-4E5D-99FB-65660E770E76}.Debug|x64.ActiveCfg = Debug|x64
		{7FE2A1CC-2D38-4E5D-99FB-65660E770E76}.Debug|x64.Build.0 = Debug|x64
		{7FE2A1CC-2D38-4E5D-99FB-65660E770E76}.Release|x64.ActiveCfg = Debug|x64
		{7FE2A1CC-2D38-4E5D-99FB-65660E770E76}.Release|x64.Build.0 = Debug|x64
		{0F146B92-89FC-4C9C-8C2C-514A4E39969F}.Debug|x64.ActiveCfg = Debug|x64
		{0F146B92-89FC-4C9C-8C2C-514A4E39969F}.Debug|x64.Build.0 = Debug|x64
		{0F146B92-89FC-4C9C-8C2C-514A4E39969F}.Release|x64.ActiveCfg = Debug|x64
		{0F146B92-89FC-4C9C-8C2C-514A4E39969F}.Release|x64.Build.0 = Debug|x64
	EndGlobalSection
	GlobalSection(SolutionProperties) = preSolution
		HideSolutionNode = FALSE
	EndGlobalSection
	GlobalSection(ExtensibilityGlobals) = postSolution
		SolutionGuid = {3E29390E-EF65-43B3-B49D-00920C357EA8}
	EndGlobalSection
EndGlobal
